<?xml version="1.0" encoding="utf-8"?>
<Project ToolsVersion="4.0" xmlns="http://schemas.microsoft.com/developer/msbuild/2003">
  <ItemGroup>
    <Filter Include="Source Files">
      <UniqueIdentifier>{4FC737F1-C7A5-4376-A066-2A32D752A2FF}</UniqueIdentifier>
      <Extensions>cpp;c;cc;cxx;def;odl;idl;hpj;bat;asm;asmx</Extensions>
    </Filter>
    <Filter Include="Header Files">
      <UniqueIdentifier>{93995380-89BD-4b04-88EB-625FBE52EBFB}</UniqueIdentifier>
      <Extensions>h;hpp;hxx;hm;inl;inc;xsd</Extensions>
    </Filter>
    <Filter Include="Resource Files">
      <UniqueIdentifier>{67DA6AB6-F800-4c08-8B7A-83BB121AAD01}</UniqueIdentifier>
      <Extensions>rc;ico;cur;bmp;dlg;rc2;rct;bin;rgs;gif;jpg;jpeg;jpe;resx;tiff;tif;png;wav;mfcribbon-ms</Extensions>
    </Filter>
  </ItemGroup>
  <ItemGroup>
    <ClCompile Include="D3DWContext.cpp">
      <Filter>Source Files</Filter>
    </ClCompile>
    <ClCompile Include="D3DWEffect.cpp">
      <Filter>Source Files</Filter>
    </ClCompile>
    <ClCompile Include="D3DWConstantBuffer.cpp">
      <Filter>Source Files</Filter>
    </ClCompile>
    <ClCompile Include="D3DWMesh.cpp">
      <Filter>Source Files</Filter>
    </ClCompile>
    <ClCompile Include="D3DWFloatAnimation.cpp">
      <Filter>Source Files</Filter>
    </ClCompile>
    <ClCompile Include="D3DWTexture.cpp">
      <Filter>Source Files</Filter>
    </ClCompile>
    <ClCompile Include="D3DWSurface.cpp">
      <Filter>Source Files</Filter>
    </ClCompile>
    <ClCompile Include="StdAfx.cpp">
      <Filter>Source Files</Filter>
    </ClCompile>
    <ClCompile Include="D3DWCubeMap.cpp">
      <Filter>Source Files</Filter>
    </ClCompile>
    <ClCompile Include="D3DWWindow.cpp">
      <Filter>Source Files</Filter>
    </ClCompile>
    <ClCompile Include="DllMain.cpp">
      <Filter>Source Files</Filter>
    </ClCompile>
    <ClCompile Include="D3DWSampler.cpp">
      <Filter>Source Files</Filter>
    </ClCompile>
  </ItemGroup>
  <ItemGroup>
    <ClInclude Include="StdAfx.h">
      <Filter>Header Files</Filter>
    </ClInclude>
    <ClInclude Include="Resource.h">
      <Filter>Header Files</Filter>
    </ClInclude>
    <ClInclude Include="ComUtils.hpp">
      <Filter>Header Files</Filter>
    </ClInclude>
    <ClInclude Include="D3DWContext.hpp">
      <Filter>Header Files</Filter>
    </ClInclude>
    <ClInclude Include="D3DWEffect.hpp">
      <Filter>Header Files</Filter>
    </ClInclude>
    <ClInclude Include="D3DWConstantBuffer.hpp">
      <Filter>Header Files</Filter>
    </ClInclude>
    <ClInclude Include="D3DWMesh.hpp">
      <Filter>Header Files</Filter>
    </ClInclude>
    <ClInclude Include="D3DWFloatAnimation.hpp">
      <Filter>Header Files</Filter>
    </ClInclude>
    <ClInclude Include="D3DWTexture.hpp">
      <Filter>Header Files</Filter>
    </ClInclude>
    <ClInclude Include="D3DWSurface.hpp">
      <Filter>Header Files</Filter>
    </ClInclude>
    <ClInclude Include="D3DWCubeMap.hpp">
      <Filter>Header Files</Filter>
    </ClInclude>
    <ClInclude Include="D3DWWindow.hpp">
      <Filter>Header Files</Filter>
    </ClInclude>
    <ClInclude Include="D3DW.h">
      <Filter>Header Files</Filter>
    </ClInclude>
    <ClInclude Include="D3DWInternals.hpp">
      <Filter>Header Files</Filter>
    </ClInclude>
    <ClInclude Include="D3DWSampler.hpp">
      <Filter>Header Files</Filter>
    </ClInclude>
  </ItemGroup>
  <ItemGroup>
    <ResourceCompile Include="D3DWorkshop.rc">
      <Filter>Resource Files</Filter>
    </ResourceCompile>
  </ItemGroup>
  <ItemGroup>
    <None Include="directx.ico">
      <Filter>Resource Files</Filter>
    </None>
    <None Include="D3DW.def">
      <Filter>Resource Files</Filter>
    </None>
    <None Include="D3DWd.def">
      <Filter>Resource Files</Filter>
    </None>
    <None Include="D3DWd.manifest">
      <Filter>Resource Files</Filter>
    </None>
    <None Include="D3DW.manifest">
      <Filter>Resource Files</Filter>
    </None>
    <None Include="D3DW.pfx">
      <Filter>Resource Files</Filter>
    </None>
  </ItemGroup>
</Project>